
Microsoft Visual Studio Solution File, Format Version 12.00
# Visual Studio Version 17
VisualStudioVersion = 17.6.33829.357
MinimumVisualStudioVersion = 10.0.40219.1
Project("{FAE04EC0-301F-11D3-BF4B-00C04F79EFBC}") = "HospitalAutomation.WinForm", "HospitalAutomation.WinForm\HospitalAutomation.WinForm.csproj", "{8D3E7464-6C0F-4032-9B72-167D20C41396}"
EndProject
Project("{FAE04EC0-301F-11D3-BF4B-00C04F79EFBC}") = "HospitalAutomation.Business", "HospitalAutomation.Business\HospitalAutomation.Business.csproj", "{11A9932B-840C-4100-BEA2-4B49D31AF2BB}"
EndProject
Project("{FAE04EC0-301F-11D3-BF4B-00C04F79EFBC}") = "HospitalAutomation.Data", "HospitalAutomation.Data\HospitalAutomation.Data.csproj", "{FF265E87-314D-486E-A8F9-1A12AB1D89D2}"
EndProject
Project("{FAE04EC0-301F-11D3-BF4B-00C04F79EFBC}") = "HospitalAutomation.Entities", "HospitalAutomation.Entities\HospitalAutomation.Entities.csproj", "{2BEAE615-5CFE-4530-B5C5-2587EA0D6B30}"
EndProject
Project("{FAE04EC0-301F-11D3-BF4B-00C04F79EFBC}") = "HospitalAutomation.Dtos", "HospitalAutomation.Dtos\HospitalAutomation.Dtos.csproj", "{F4D14983-DFD6-4EDE-BCCC-DE810E382DED}"
EndProject
Global
	GlobalSection(SolutionConfigurationPlatforms) = preSolution
		Debug|Any CPU = Debug|Any CPU
		Release|Any CPU = Release|Any CPU
	EndGlobalSection
	GlobalSection(ProjectConfigurationPlatforms) = postSolution
		{8D3E7464-6C0F-4032-9B72-167D20C41396}.Debug|Any CPU.ActiveCfg = Debug|Any CPU
		{8D3E7464-6C0F-4032-9B72-167D20C41396}.Debug|Any CPU.Build.0 = Debug|Any CPU
		{8D3E7464-6C0F-4032-9B72-167D20C41396}.Release|Any CPU.ActiveCfg = Release|Any CPU
		{8D3E7464-6C0F-4032-9B72-167D20C41396}.Release|Any CPU.Build.0 = Release|Any CPU
		{11A9932B-840C-4100-BEA2-4B49D31AF2BB}.Debug|Any CPU.ActiveCfg = Debug|Any CPU
		{11A9932B-840C-4100-BEA2-4B49D31AF2BB}.Debug|Any CPU.Build.0 = Debug|Any CPU
		{11A9932B-840C-4100-BEA2-4B49D31AF2BB}.Release|Any CPU.ActiveCfg = Release|Any CPU
		{11A9932B-840C-4100-BEA2-4B49D31AF2BB}.Release|Any CPU.Build.0 = Release|Any CPU
		{FF265E87-314D-486E-A8F9-1A12AB1D89D2}.Debug|Any CPU.ActiveCfg = Debug|Any CPU
		{FF265E87-314D-486E-A8F9-1A12AB1D89D2}.Debug|Any CPU.Build.0 = Debug|Any CPU
		{FF265E87-314D-486E-A8F9-1A12AB1D89D2}.Release|Any CPU.ActiveCfg = Release|Any CPU
		{FF265E87-314D-486E-A8F9-1A12AB1D89D2}.Release|Any CPU.Build.0 = Release|Any CPU
		{2BEAE615-5CFE-4530-B5C5-2587EA0D6B30}.Debug|Any CPU.ActiveCfg = Debug|Any CPU
		{2BEAE615-5CFE-4530-B5C5-2587EA0D6B30}.Debug|Any CPU.Build.0 = Debug|Any CPU
		{2BEAE615-5CFE-4530-B5C5-2587EA0D6B30}.Release|Any CPU.ActiveCfg = Release|Any CPU
		{2BEAE615-5CFE-4530-B5C5-2587EA0D6B30}.Release|Any CPU.Build.0 = Release|Any CPU
		{F4D14983-DFD6-4EDE-BCCC-DE810E382DED}.Debug|Any CPU.ActiveCfg = Debug|Any CPU
		{F4D14983-DFD6-4EDE-BCCC-DE810E382DED}.Debug|Any CPU.Build.0 = Debug|Any CPU
		{F4D14983-DFD6-4EDE-BCCC-DE810E382DED}.Release|Any CPU.ActiveCfg = Release|Any CPU
		{F4D14983-DFD6-4EDE-BCCC-DE810E382DED}.Release|Any CPU.Build.0 = Release|Any CPU
	EndGlobalSection
	GlobalSection(SolutionProperties) = preSolution
		HideSolutionNode = FALSE
	EndGlobalSection
	GlobalSection(ExtensibilityGlobals) = postSolution
		SolutionGuid = {8B695D91-25A0-4840-9411-F73DC3DD8C91}
	EndGlobalSection
EndGlobal
